// !$*UTF8*$!
{
	archiveVersion = 1;
	classes = {
	};
	objectVersion = 55;
	objects = {

/* Begin PBXBuildFile section */
		6B58EC50F55D257455741814 /* Pods_PushNotification.framework in Frameworks */ = {isa = PBXBuildFile; fileRef = 913BA008BF7AD8E9087B7131 /* Pods_PushNotification.framework */; };
		E872714928412043007CEEB1 /* AppDelegate.swift in Sources */ = {isa = PBXBuildFile; fileRef = E872714828412043007CEEB1 /* AppDelegate.swift */; };
		E872714B28412043007CEEB1 /* SceneDelegate.swift in Sources */ = {isa = PBXBuildFile; fileRef = E872714A28412043007CEEB1 /* SceneDelegate.swift */; };
		E872714D28412043007CEEB1 /* ViewController.swift in Sources */ = {isa = PBXBuildFile; fileRef = E872714C28412043007CEEB1 /* ViewController.swift */; };
		E872715028412043007CEEB1 /* Main.storyboard in Resources */ = {isa = PBXBuildFile; fileRef = E872714E28412043007CEEB1 /* Main.storyboard */; };
		E872715328412043007CEEB1 /* PushNotification.xcdatamodeld in Sources */ = {isa = PBXBuildFile; fileRef = E872715128412043007CEEB1 /* PushNotification.xcdatamodeld */; };
		E872715528412044007CEEB1 /* Assets.xcassets in Resources */ = {isa = PBXBuildFile; fileRef = E872715428412044007CEEB1 /* Assets.xcassets */; };
		E872715828412044007CEEB1 /* LaunchScreen.storyboard in Resources */ = {isa = PBXBuildFile; fileRef = E872715628412044007CEEB1 /* LaunchScreen.storyboard */; };
		E87271642841295A007CEEB1 /* CollectionViewController.swift in Sources */ = {isa = PBXBuildFile; fileRef = E87271632841295A007CEEB1 /* CollectionViewController.swift */; };
		E872716628412969007CEEB1 /* CollectionViewCell.swift in Sources */ = {isa = PBXBuildFile; fileRef = E872716528412969007CEEB1 /* CollectionViewCell.swift */; };
		E872716828412BF2007CEEB1 /* ImageModel.swift in Sources */ = {isa = PBXBuildFile; fileRef = E872716728412BF2007CEEB1 /* ImageModel.swift */; };
/* End PBXBuildFile section */

/* Begin PBXFileReference section */
		913BA008BF7AD8E9087B7131 /* Pods_PushNotification.framework */ = {isa = PBXFileReference; explicitFileType = wrapper.framework; includeInIndex = 0; path = Pods_PushNotification.framework; sourceTree = BUILT_PRODUCTS_DIR; };
		A49E0528FC1E2C96E61A2394 /* Pods-PushNotification.release.xcconfig */ = {isa = PBXFileReference; includeInIndex = 1; lastKnownFileType = text.xcconfig; name = "Pods-PushNotification.release.xcconfig"; path = "Target Support Files/Pods-PushNotification/Pods-PushNotification.release.xcconfig"; sourceTree = "<group>"; };
		E4DF1CF051D093492272908D /* Pods-PushNotification.debug.xcconfig */ = {isa = PBXFileReference; includeInIndex = 1; lastKnownFileType = text.xcconfig; name = "Pods-PushNotification.debug.xcconfig"; path = "Target Support Files/Pods-PushNotification/Pods-PushNotification.debug.xcconfig"; sourceTree = "<group>"; };
		E872714528412043007CEEB1 /* PushNotification.app */ = {isa = PBXFileReference; explicitFileType = wrapper.application; includeInIndex = 0; path = PushNotification.app; sourceTree = BUILT_PRODUCTS_DIR; };
		E872714828412043007CEEB1 /* AppDelegate.swift */ = {isa = PBXFileReference; lastKnownFileType = sourcecode.swift; path = AppDelegate.swift; sourceTree = "<group>"; };
		E872714A28412043007CEEB1 /* SceneDelegate.swift */ = {isa = PBXFileReference; lastKnownFileType = sourcecode.swift; path = SceneDelegate.swift; sourceTree = "<group>"; };
		E872714C28412043007CEEB1 /* ViewController.swift */ = {isa = PBXFileReference; lastKnownFileType = sourcecode.swift; path = ViewController.swift; sourceTree = "<group>"; };
		E872714F28412043007CEEB1 /* Base */ = {isa = PBXFileReference; lastKnownFileType = file.storyboard; name = Base; path = Base.lproj/Main.storyboard; sourceTree = "<group>"; };
		E872715228412043007CEEB1 /* PushNotification.xcdatamodel */ = {isa = PBXFileReference; lastKnownFileType = wrapper.xcdatamodel; path = PushNotification.xcdatamodel; sourceTree = "<group>"; };
		E872715428412044007CEEB1 /* Assets.xcassets */ = {isa = PBXFileReference; lastKnownFileType = folder.assetcatalog; path = Assets.xcassets; sourceTree = "<group>"; };
		E872715728412044007CEEB1 /* Base */ = {isa = PBXFileReference; lastKnownFileType = file.storyboard; name = Base; path = Base.lproj/LaunchScreen.storyboard; sourceTree = "<group>"; };
		E872715928412044007CEEB1 /* Info.plist */ = {isa = PBXFileReference; lastKnownFileType = text.plist.xml; path = Info.plist; sourceTree = "<group>"; };
		E87271632841295A007CEEB1 /* CollectionViewController.swift */ = {isa = PBXFileReference; lastKnownFileType = sourcecode.swift; path = CollectionViewController.swift; sourceTree = "<group>"; };
		E872716528412969007CEEB1 /* CollectionViewCell.swift */ = {isa = PBXFileReference; lastKnownFileType = sourcecode.swift; path = CollectionViewCell.swift; sourceTree = "<group>"; };
		E872716728412BF2007CEEB1 /* ImageModel.swift */ = {isa = PBXFileReference; lastKnownFileType = sourcecode.swift; path = ImageModel.swift; sourceTree = "<group>"; };
/* End PBXFileReference section */

/* Begin PBXFrameworksBuildPhase section */
		E872714228412043007CEEB1 /* Frameworks */ = {
			isa = PBXFrameworksBuildPhase;
			buildActionMask = 2147483647;
			files = (
				6B58EC50F55D257455741814 /* Pods_PushNotification.framework in Frameworks */,
			);
			runOnlyForDeploymentPostprocessing = 0;
		};
/* End PBXFrameworksBuildPhase section */

/* Begin PBXGroup section */
		3A3F4B86580AE9FF046DCDCC /* Pods */ = {
			isa = PBXGroup;
			children = (
				E4DF1CF051D093492272908D /* Pods-PushNotification.debug.xcconfig */,
				A49E0528FC1E2C96E61A2394 /* Pods-PushNotification.release.xcconfig */,
			);
			name = Pods;
			path = Pods;
			sourceTree = "<group>";
		};
		BF47A267622FA471425B0966 /* Frameworks */ = {
			isa = PBXGroup;
			children = (
				913BA008BF7AD8E9087B7131 /* Pods_PushNotification.framework */,
			);
			name = Frameworks;
			sourceTree = "<group>";
		};
		E872713C28412043007CEEB1 = {
			isa = PBXGroup;
			children = (
				E872714728412043007CEEB1 /* PushNotification */,
				E872714628412043007CEEB1 /* Products */,
				3A3F4B86580AE9FF046DCDCC /* Pods */,
				BF47A267622FA471425B0966 /* Frameworks */,
			);
			sourceTree = "<group>";
		};
		E872714628412043007CEEB1 /* Products */ = {
			isa = PBXGroup;
			children = (
				E872714528412043007CEEB1 /* PushNotification.app */,
			);
			name = Products;
			sourceTree = "<group>";
		};
		E872714728412043007CEEB1 /* PushNotification */ = {
			isa = PBXGroup;
			children = (
				E872714828412043007CEEB1 /* AppDelegate.swift */,
				E872714A28412043007CEEB1 /* SceneDelegate.swift */,
				E872714C28412043007CEEB1 /* ViewController.swift */,
				E872714E28412043007CEEB1 /* Main.storyboard */,
				E872716728412BF2007CEEB1 /* ImageModel.swift */,
				E87271632841295A007CEEB1 /* CollectionViewController.swift */,
				E872716528412969007CEEB1 /* CollectionViewCell.swift */,
				E872715428412044007CEEB1 /* Assets.xcassets */,
				E872715628412044007CEEB1 /* LaunchScreen.storyboard */,
				E872715928412044007CEEB1 /* Info.plist */,
				E872715128412043007CEEB1 /* PushNotification.xcdatamodeld */,
			);
			path = PushNotification;
			sourceTree = "<group>";
		};
/* End PBXGroup section */

/* Begin PBXNativeTarget section */
		E872714428412043007CEEB1 /* PushNotification */ = {
			isa = PBXNativeTarget;
			buildConfigurationList = E872715C28412044007CEEB1 /* Build configuration list for PBXNativeTarget "PushNotification" */;
			buildPhases = (
				54713232B21D0E521C24B475 /* [CP] Check Pods Manifest.lock */,
				E872714128412043007CEEB1 /* Sources */,
				E872714228412043007CEEB1 /* Frameworks */,
				E872714328412043007CEEB1 /* Resources */,
				FC1DC18D008A5DBA90FD1377 /* [CP] Embed Pods Frameworks */,
			);
			buildRules = (
			);
			dependencies = (
			);
			name = PushNotification;
			productName = PushNotification;
			productReference = E872714528412043007CEEB1 /* PushNotification.app */;
			productType = "com.apple.product-type.application";
		};
/* End PBXNativeTarget section */

/* Begin PBXProject section */
		E872713D28412043007CEEB1 /* Project object */ = {
			isa = PBXProject;
			attributes = {
				BuildIndependentTargetsInParallel = 1;
				LastSwiftUpdateCheck = 1340;
				LastUpgradeCheck = 1340;
				TargetAttributes = {
					E872714428412043007CEEB1 = {
						CreatedOnToolsVersion = 13.4;
					};
				};
			};
			buildConfigurationList = E872714028412043007CEEB1 /* Build configuration list for PBXProject "PushNotification" */;
			compatibilityVersion = "Xcode 13.0";
			developmentRegion = en;
			hasScannedForEncodings = 0;
			knownRegions = (
				en,
				Base,
			);
			mainGroup = E872713C28412043007CEEB1;
			productRefGroup = E872714628412043007CEEB1 /* Products */;
			projectDirPath = "";
			projectRoot = "";
			targets = (
				E872714428412043007CEEB1 /* PushNotification */,
			);
		};
/* End PBXProject section */

/* Begin PBXResourcesBuildPhase section */
		E872714328412043007CEEB1 /* Resources */ = {
			isa = PBXResourcesBuildPhase;
			buildActionMask = 2147483647;
			files = (
				E872715828412044007CEEB1 /* LaunchScreen.storyboard in Resources */,
				E872715528412044007CEEB1 /* Assets.xcassets in Resources */,
				E872715028412043007CEEB1 /* Main.storyboard in Resources */,
			);
			runOnlyForDeploymentPostprocessing = 0;
		};
/* End PBXResourcesBuildPhase section */

/* Begin PBXShellScriptBuildPhase section */
		54713232B21D0E521C24B475 /* [CP] Check Pods Manifest.lock */ = {
			isa = PBXShellScriptBuildPhase;
			buildActionMask = 2147483647;
			files = (
			);
			inputFileListPaths = (
			);
			inputPaths = (
				"${PODS_PODFILE_DIR_PATH}/Podfile.lock",
				"${PODS_ROOT}/Manifest.lock",
			);
			name = "[CP] Check Pods Manifest.lock";
			outputFileListPaths = (
			);
			outputPaths = (
				"$(DERIVED_FILE_DIR)/Pods-PushNotification-checkManifestLockResult.txt",
			);
			runOnlyForDeploymentPostprocessing = 0;
			shellPath = /bin/sh;
			shellScript = "diff \"${PODS_PODFILE_DIR_PATH}/Podfile.lock\" \"${PODS_ROOT}/Manifest.lock\" > /dev/null\nif [ $? != 0 ] ; then\n    # print error to STDERR\n    echo \"error: The sandbox is not in sync with the Podfile.lock. Run 'pod install' or update your CocoaPods installation.\" >&2\n    exit 1\nfi\n# This output is used by Xcode 'outputs' to avoid re-running this script phase.\necho \"SUCCESS\" > \"${SCRIPT_OUTPUT_FILE_0}\"\n";
			showEnvVarsInLog = 0;
		};
		FC1DC18D008A5DBA90FD1377 /* [CP] Embed Pods Frameworks */ = {
			isa = PBXShellScriptBuildPhase;
			buildActionMask = 2147483647;
			files = (
			);
			inputFileListPaths = (
				"${PODS_ROOT}/Target Support Files/Pods-PushNotification/Pods-PushNotification-frameworks-${CONFIGURATION}-input-files.xcfilelist",
			);
			name = "[CP] Embed Pods Frameworks";
			outputFileListPaths = (
				"${PODS_ROOT}/Target Support Files/Pods-PushNotification/Pods-PushNotification-frameworks-${CONFIGURATION}-output-files.xcfilelist",
			);
			runOnlyForDeploymentPostprocessing = 0;
			shellPath = /bin/sh;
			shellScript = "\"${PODS_ROOT}/Target Support Files/Pods-PushNotification/Pods-PushNotification-frameworks.sh\"\n";
			showEnvVarsInLog = 0;
		};
/* End PBXShellScriptBuildPhase section */

/* Begin PBXSourcesBuildPhase section */
		E872714128412043007CEEB1 /* Sources */ = {
			isa = PBXSourcesBuildPhase;
			buildActionMask = 2147483647;
			files = (
				E872715328412043007CEEB1 /* PushNotification.xcdatamodeld in Sources */,
				E872714D28412043007CEEB1 /* ViewController.swift in Sources */,
				E872716628412969007CEEB1 /* CollectionViewCell.swift in Sources */,
				E872714928412043007CEEB1 /* AppDelegate.swift in Sources */,
				E872714B28412043007CEEB1 /* SceneDelegate.swift in Sources */,
				E87271642841295A007CEEB1 /* CollectionViewController.swift in Sources */,
				E872716828412BF2007CEEB1 /* ImageModel.swift in Sources */,
			);
			runOnlyForDeploymentPostprocessing = 0;
		};
/* End PBXSourcesBuildPhase section */

/* Begin PBXVariantGroup section */
		E872714E28412043007CEEB1 /* Main.storyboard */ = {
			isa = PBXVariantGroup;
			children = (
				E872714F28412043007CEEB1 /* Base */,
			);
			name = Main.storyboard;
			sourceTree = "<group>";
		};
		E872715628412044007CEEB1 /* LaunchScreen.storyboard */ = {
			isa = PBXVariantGroup;
			children = (
				E872715728412044007CEEB1 /* Base */,
			);
			name = LaunchScreen.storyboard;
			sourceTree = "<group>";
		};
/* End PBXVariantGroup section */

/* Begin XCBuildConfiguration section */
		E872715A28412044007CEEB1 /* Debug */ = {
			isa = XCBuildConfiguration;
			buildSettings = {
				ALWAYS_SEARCH_USER_PATHS = NO;
				CLANG_ANALYZER_NONNULL = YES;
				CLANG_ANALYZER_NUMBER_OBJECT_CONVERSION = YES_AGGRESSIVE;
				CLANG_CXX_LANGUAGE_STANDARD = "gnu++17";
				CLANG_ENABLE_MODULES = YES;
				CLANG_ENABLE_OBJC_ARC = YES;
				CLANG_ENABLE_OBJC_WEAK = YES;
				CLANG_WARN_BLOCK_CAPTURE_AUTORELEASING = YES;
				CLANG_WARN_BOOL_CONVERSION = YES;
				CLANG_WARN_COMMA = YES;
				CLANG_WARN_CONSTANT_CONVERSION = YES;
				CLANG_WARN_DEPRECATED_OBJC_IMPLEMENTATIONS = YES;
				CLANG_WARN_DIRECT_OBJC_ISA_USAGE = YES_ERROR;
				CLANG_WARN_DOCUMENTATION_COMMENTS = YES;
				CLANG_WARN_EMPTY_BODY = YES;
				CLANG_WARN_ENUM_CONVERSION = YES;
				CLANG_WARN_INFINITE_RECURSION = YES;
				CLANG_WARN_INT_CONVERSION = YES;
				CLANG_WARN_NON_LITERAL_NULL_CONVERSION = YES;
				CLANG_WARN_OBJC_IMPLICIT_RETAIN_SELF = YES;
				CLANG_WARN_OBJC_LITERAL_CONVERSION = YES;
				CLANG_WARN_OBJC_ROOT_CLASS = YES_ERROR;
				CLANG_WARN_QUOTED_INCLUDE_IN_FRAMEWORK_HEADER = YES;
				CLANG_WARN_RANGE_LOOP_ANALYSIS = YES;
				CLANG_WARN_STRICT_PROTOTYPES = YES;
				CLANG_WARN_SUSPICIOUS_MOVE = YES;
				CLANG_WARN_UNGUARDED_AVAILABILITY = YES_AGGRESSIVE;
				CLANG_WARN_UNREACHABLE_CODE = YES;
				CLANG_WARN__DUPLICATE_METHOD_MATCH = YES;
				COPY_PHASE_STRIP = NO;
				DEBUG_INFORMATION_FORMAT = dwarf;
				ENABLE_STRICT_OBJC_MSGSEND = YES;
				ENABLE_TESTABILITY = YES;
				GCC_C_LANGUAGE_STANDARD = gnu11;
				GCC_DYNAMIC_NO_PIC = NO;
				GCC_NO_COMMON_BLOCKS = YES;
				GCC_OPTIMIZATION_LEVEL = 0;
				GCC_PREPROCESSOR_DEFINITIONS = (
					"DEBUG=1",
					"$(inherited)",
				);
				GCC_WARN_64_TO_32_BIT_CONVERSION = YES;
				GCC_WARN_ABOUT_RETURN_TYPE = YES_ERROR;
				GCC_WARN_UNDECLARED_SELECTOR = YES;
				GCC_WARN_UNINITIALIZED_AUTOS = YES_AGGRESSIVE;
				GCC_WARN_UNUSED_FUNCTION = YES;
				GCC_WARN_UNUSED_VARIABLE = YES;
				IPHONEOS_DEPLOYMENT_TARGET = 15.5;
				MTL_ENABLE_DEBUG_INFO = INCLUDE_SOURCE;
				MTL_FAST_MATH = YES;
				ONLY_ACTIVE_ARCH = YES;
				SDKROOT = iphoneos;
				SWIFT_ACTIVE_COMPILATION_CONDITIONS = DEBUG;
				SWIFT_OPTIMIZATION_LEVEL = "-Onone";
			};
			name = Debug;
		};
		E872715B28412044007CEEB1 /* Release */ = {
			isa = XCBuildConfiguration;
			buildSettings = {
				ALWAYS_SEARCH_USER_PATHS = NO;
				CLANG_ANALYZER_NONNULL = YES;
				CLANG_ANALYZER_NUMBER_OBJECT_CONVERSION = YES_AGGRESSIVE;
				CLANG_CXX_LANGUAGE_STANDARD = "gnu++17";
				CLANG_ENABLE_MODULES = YES;
				CLANG_ENABLE_OBJC_ARC = YES;
				CLANG_ENABLE_OBJC_WEAK = YES;
				CLANG_WARN_BLOCK_CAPTURE_AUTORELEASING = YES;
				CLANG_WARN_BOOL_CONVERSION = YES;
				CLANG_WARN_COMMA = YES;
				CLANG_WARN_CONSTANT_CONVERSION = YES;
				CLANG_WARN_DEPRECATED_OBJC_IMPLEMENTATIONS = YES;
				CLANG_WARN_DIRECT_OBJC_ISA_USAGE = YES_ERROR;
				CLANG_WARN_DOCUMENTATION_COMMENTS = YES;
				CLANG_WARN_EMPTY_BODY = YES;
				CLANG_WARN_ENUM_CONVERSION = YES;
				CLANG_WARN_INFINITE_RECURSION = YES;
				CLANG_WARN_INT_CONVERSION = YES;
				CLANG_WARN_NON_LITERAL_NULL_CONVERSION = YES;
				CLANG_WARN_OBJC_IMPLICIT_RETAIN_SELF = YES;
				CLANG_WARN_OBJC_LITERAL_CONVERSION = YES;
				CLANG_WARN_OBJC_ROOT_CLASS = YES_ERROR;
				CLANG_WARN_QUOTED_INCLUDE_IN_FRAMEWORK_HEADER = YES;
				CLANG_WARN_RANGE_LOOP_ANALYSIS = YES;
				CLANG_WARN_STRICT_PROTOTYPES = YES;
				CLANG_WARN_SUSPICIOUS_MOVE = YES;
				CLANG_WARN_UNGUARDED_AVAILABILITY = YES_AGGRESSIVE;
				CLANG_WARN_UNREACHABLE_CODE = YES;
				CLANG_WARN__DUPLICATE_METHOD_MATCH = YES;
				COPY_PHASE_STRIP = NO;
				DEBUG_INFORMATION_FORMAT = "dwarf-with-dsym";
				ENABLE_NS_ASSERTIONS = NO;
				ENABLE_STRICT_OBJC_MSGSEND = YES;
				GCC_C_LANGUAGE_STANDARD = gnu11;
				GCC_NO_COMMON_BLOCKS = YES;
				GCC_WARN_64_TO_32_BIT_CONVERSION = YES;
				GCC_WARN_ABOUT_RETURN_TYPE = YES_ERROR;
				GCC_WARN_UNDECLARED_SELECTOR = YES;
				GCC_WARN_UNINITIALIZED_AUTOS = YES_AGGRESSIVE;
				GCC_WARN_UNUSED_FUNCTION = YES;
				GCC_WARN_UNUSED_VARIABLE = YES;
				IPHONEOS_DEPLOYMENT_TARGET = 15.5;
				MTL_ENABLE_DEBUG_INFO = NO;
				MTL_FAST_MATH = YES;
				SDKROOT = iphoneos;
				SWIFT_COMPILATION_MODE = wholemodule;
				SWIFT_OPTIMIZATION_LEVEL = "-O";
				VALIDATE_PRODUCT = YES;
			};
			name = Release;
		};
		E872715D28412044007CEEB1 /* Debug */ = {
			isa = XCBuildConfiguration;
			baseConfigurationReference = E4DF1CF051D093492272908D /* Pods-PushNotification.debug.xcconfig */;
			buildSettings = {
				ASSETCATALOG_COMPILER_APPICON_NAME = AppIcon;
				ASSETCATALOG_COMPILER_GLOBAL_ACCENT_COLOR_NAME = AccentColor;
				CODE_SIGN_STYLE = Automatic;
				CURRENT_PROJECT_VERSION = 1;
				DEVELOPMENT_TEAM = VMLJ6G75K8;
				GENERATE_INFOPLIST_FILE = YES;
				INFOPLIST_FILE = PushNotification/Info.plist;
				INFOPLIST_KEY_UIApplicationSupportsIndirectInputEvents = YES;
				INFOPLIST_KEY_UILaunchStoryboardName = LaunchScreen;
				INFOPLIST_KEY_UIMainStoryboardFile = Main;
				INFOPLIST_KEY_UISupportedInterfaceOrientations_iPad = "UIInterfaceOrientationPortrait UIInterfaceOrientationPortraitUpsideDown UIInterfaceOrientationLandscapeLeft UIInterfaceOrientationLandscapeRight";
				INFOPLIST_KEY_UISupportedInterfaceOrientations_iPhone = "UIInterfaceOrientationPortrait UIInterfaceOrientationLandscapeLeft UIInterfaceOrientationLandscapeRight";
				LD_RUNPATH_SEARCH_PATHS = (
					"$(inherited)",
					"@executable_path/Frameworks",
				);
				MARKETING_VERSION = 1.0;
				PRODUCT_BUNDLE_IDENTIFIER = DmitrySokoltsov.PushNotification;
				PRODUCT_NAME = "$(TARGET_NAME)";
				SWIFT_EMIT_LOC_STRINGS = YES;
				SWIFT_VERSION = 5.0;
				TARGETED_DEVICE_FAMILY = "1,2";
			};
			name = Debug;
		};
		E872715E28412044007CEEB1 /* Release */ = {
			isa = XCBuildConfiguration;
			baseConfigurationReference = A49E0528FC1E2C96E61A2394 /* Pods-PushNotification.release.xcconfig */;
			buildSettings = {
				ASSETCATALOG_COMPILER_APPICON_NAME = AppIcon;
				ASSETCATALOG_COMPILER_GLOBAL_ACCENT_COLOR_NAME = AccentColor;
				CODE_SIGN_STYLE = Automatic;
				CURRENT_PROJECT_VERSION = 1;
				DEVELOPMENT_TEAM = VMLJ6G75K8;
				GENERATE_INFOPLIST_FILE = YES;
				INFOPLIST_FILE = PushNotification/Info.plist;
				INFOPLIST_KEY_UIApplicationSupportsIndirectInputEvents = YES;
				INFOPLIST_KEY_UILaunchStoryboardName = LaunchScreen;
				INFOPLIST_KEY_UIMainStoryboardFile = Main;
				INFOPLIST_KEY_UISupportedInterfaceOrientations_iPad = "UIInterfaceOrientationPortrait UIInterfaceOrientationPortraitUpsideDown UIInterfaceOrientationLandscapeLeft UIInterfaceOrientationLandscapeRight";
				INFOPLIST_KEY_UISupportedInterfaceOrientations_iPhone = "UIInterfaceOrientationPortrait UIInterfaceOrientationLandscapeLeft UIInterfaceOrientationLandscapeRight";
				LD_RUNPATH_SEARCH_PATHS = (
					"$(inherited)",
					"@executable_path/Frameworks",
				);
				MARKETING_VERSION = 1.0;
				PRODUCT_BUNDLE_IDENTIFIER = DmitrySokoltsov.PushNotification;
				PRODUCT_NAME = "$(TARGET_NAME)";
				SWIFT_EMIT_LOC_STRINGS = YES;
				SWIFT_VERSION = 5.0;
				TARGETED_DEVICE_FAMILY = "1,2";
			};
			name = Release;
		};
/* End XCBuildConfiguration section */

/* Begin XCConfigurationList section */
		E872714028412043007CEEB1 /* Build configuration list for PBXProject "PushNotification" */ = {
			isa = XCConfigurationList;
			buildConfigurations = (
				E872715A28412044007CEEB1 /* Debug */,
				E872715B28412044007CEEB1 /* Release */,
			);
			defaultConfigurationIsVisible = 0;
			defaultConfigurationName = Release;
		};
		E872715C28412044007CEEB1 /* Build configuration list for PBXNativeTarget "PushNotification" */ = {
			isa = XCConfigurationList;
			buildConfigurations = (
				E872715D28412044007CEEB1 /* Debug */,
				E872715E28412044007CEEB1 /* Release */,
			);
			defaultConfigurationIsVisible = 0;
			defaultConfigurationName = Release;
		};
/* End XCConfigurationList section */

/* Begin XCVersionGroup section */
		E872715128412043007CEEB1 /* PushNotification.xcdatamodeld */ = {
			isa = XCVersionGroup;
			children = (
				E872715228412043007CEEB1 /* PushNotification.xcdatamodel */,
			);
			currentVersion = E872715228412043007CEEB1 /* PushNotification.xcdatamodel */;
			path = PushNotification.xcdatamodeld;
			sourceTree = "<group>";
			versionGroupType = wrapper.xcdatamodel;
		};
/* End XCVersionGroup section */
	};
	rootObject = E872713D28412043007CEEB1 /* Project object */;
}
